
Microsoft Visual Studio Solution File, Format Version 12.00
# Visual Studio Version 16
VisualStudioVersion = 16.0.30114.105
MinimumVisualStudioVersion = 10.0.40219.1
Project("{2150E333-8FDC-42A3-9474-1A3956D46DE8}") = "src", "src", "{0D7EE294-4674-4A22-A006-68DC94DCB3C1}"
EndProject
Project("{FAE04EC0-301F-11D3-BF4B-00C04F79EFBC}") = "GradeBook", "src\GradeBook\GradeBook.csproj", "{5364CD73-60FE-49B2-A3FD-61CB028A5E1D}"
EndProject
Project("{2150E333-8FDC-42A3-9474-1A3956D46DE8}") = "test", "test", "{30852B29-AD82-45E5-B35C-150694A822E9}"
EndProject
Project("{FAE04EC0-301F-11D3-BF4B-00C04F79EFBC}") = "GradeBook.Tests", "test\GradeBook.Tests\GradeBook.Tests.csproj", "{3A42F290-4186-4B94-96B5-6584299F12F2}"
EndProject
Global
	GlobalSection(SolutionConfigurationPlatforms) = preSolution
		Debug|Any CPU = Debug|Any CPU
		Release|Any CPU = Release|Any CPU
	EndGlobalSection
	GlobalSection(SolutionProperties) = preSolution
		HideSolutionNode = FALSE
	EndGlobalSection
	GlobalSection(ProjectConfigurationPlatforms) = postSolution
		{5364CD73-60FE-49B2-A3FD-61CB028A5E1D}.Debug|Any CPU.ActiveCfg = Debug|Any CPU
		{5364CD73-60FE-49B2-A3FD-61CB028A5E1D}.Debug|Any CPU.Build.0 = Debug|Any CPU
		{5364CD73-60FE-49B2-A3FD-61CB028A5E1D}.Release|Any CPU.ActiveCfg = Release|Any CPU
		{5364CD73-60FE-49B2-A3FD-61CB028A5E1D}.Release|Any CPU.Build.0 = Release|Any CPU
		{3A42F290-4186-4B94-96B5-6584299F12F2}.Debug|Any CPU.ActiveCfg = Debug|Any CPU
		{3A42F290-4186-4B94-96B5-6584299F12F2}.Debug|Any CPU.Build.0 = Debug|Any CPU
		{3A42F290-4186-4B94-96B5-6584299F12F2}.Release|Any CPU.ActiveCfg = Release|Any CPU
		{3A42F290-4186-4B94-96B5-6584299F12F2}.Release|Any CPU.Build.0 = Release|Any CPU
	EndGlobalSection
	GlobalSection(NestedProjects) = preSolution
		{5364CD73-60FE-49B2-A3FD-61CB028A5E1D} = {0D7EE294-4674-4A22-A006-68DC94DCB3C1}
		{3A42F290-4186-4B94-96B5-6584299F12F2} = {30852B29-AD82-45E5-B35C-150694A822E9}
	EndGlobalSection
EndGlobal
